dependencies:
- name: mysql
  repository: https://kubernetes-charts.storage.googleapis.com
  version: 0.9.2
- name: redis
  repository: https://kubernetes-charts.storage.googleapis.com
  version: 5.0.0
digest: sha256:3c0e99a51b20812dfe0d407e8f4ee6ed1a9c2469bc2320d115e5fda0c538340b
generated: 2019-01-11T20:39:26.594816-06:00
